
Microsoft Visual Studio Solution File, Format Version 12.00
# Visual Studio Version 17
VisualStudioVersion = 17.11.35219.272
MinimumVisualStudioVersion = 10.0.40219.1
Project("{FAE04EC0-301F-11D3-BF4B-00C04F79EFBC}") = "Encapsulation_Ornek_1", "Encapsulation_Ornek_1\Encapsulation_Ornek_1.csproj", "{B6538415-0812-4B54-A202-B52A51CC8680}"
EndProject
Global
	GlobalSection(SolutionConfigurationPlatforms) = preSolution
		Debug|Any CPU = Debug|Any CPU
		Release|Any CPU = Release|Any CPU
	EndGlobalSection
	GlobalSection(ProjectConfigurationPlatforms) = postSolution
		{B6538415-0812-4B54-A202-B52A51CC8680}.Debug|Any CPU.ActiveCfg = Debug|Any CPU
		{B6538415-0812-4B54-A202-B52A51CC8680}.Debug|Any CPU.Build.0 = Debug|Any CPU
		{B6538415-0812-4B54-A202-B52A51CC8680}.Release|Any CPU.ActiveCfg = Release|Any CPU
		{B6538415-0812-4B54-A202-B52A51CC8680}.Release|Any CPU.Build.0 = Release|Any CPU
	EndGlobalSection
	GlobalSection(SolutionProperties) = preSolution
		HideSolutionNode = FALSE
	EndGlobalSection
	GlobalSection(ExtensibilityGlobals) = postSolution
		SolutionGuid = {4D839631-7DCE-421B-93EA-3D8DD9DCB521}
	EndGlobalSection
EndGlobal
